// !$*UTF8*$!
{
	archiveVersion = 1;
	classes = {
	};
	objectVersion = 46;
	objects = {

/* Begin PBXBuildFile section */
		AA1BB40A1739A6C000FE4944 /* LocalTime.m in Sources */ = {isa = PBXBuildFile; fileRef = AA1BB4091739A6C000FE4944 /* LocalTime.m */; };
		AA359E7118193DDD003E2E14 /* Seconds.m in Sources */ = {isa = PBXBuildFile; fileRef = AA359E7018193DDD003E2E14 /* Seconds.m */; };
		AA3B114D190EC05500F85695 /* Weeks.m in Sources */ = {isa = PBXBuildFile; fileRef = AA3B114C190EC05500F85695 /* Weeks.m */; };
		AA3B114E190EC0CE00F85695 /* Weeks.h in CopyFiles */ = {isa = PBXBuildFile; fileRef = AA3B114B190EC05500F85695 /* Weeks.h */; };
		AA3B1151190EC19A00F85695 /* Months.m in Sources */ = {isa = PBXBuildFile; fileRef = AA3B1150190EC19A00F85695 /* Months.m */; };
		AA3B1154190EC1A700F85695 /* Years.m in Sources */ = {isa = PBXBuildFile; fileRef = AA3B1153190EC1A700F85695 /* Years.m */; };
		AA3B1155190EC35C00F85695 /* Months.h in CopyFiles */ = {isa = PBXBuildFile; fileRef = AA3B114F190EC19A00F85695 /* Months.h */; };
		AA3B1156190EC35C00F85695 /* Years.h in CopyFiles */ = {isa = PBXBuildFile; fileRef = AA3B1152190EC1A700F85695 /* Years.h */; };
		AA643EF0181D39CF0025B2EA /* Days.h in CopyFiles */ = {isa = PBXBuildFile; fileRef = AAC59D8017D09D0000F7C274 /* Days.h */; };
		AA643EF1181D39CF0025B2EA /* LocalDate.h in CopyFiles */ = {isa = PBXBuildFile; fileRef = D3898A3C16EA085800CC7AD6 /* LocalDate.h */; };
		AA643EF2181D39CF0025B2EA /* LocalDateTime.h in CopyFiles */ = {isa = PBXBuildFile; fileRef = AAC7B998171583E20045EF72 /* LocalDateTime.h */; };
		AA643EF3181D39CF0025B2EA /* LocalTime.h in CopyFiles */ = {isa = PBXBuildFile; fileRef = AA1BB4081739A6C000FE4944 /* LocalTime.h */; };
		AA643EF4181D39CF0025B2EA /* Minutes.h in CopyFiles */ = {isa = PBXBuildFile; fileRef = AAF655F5180FE96A00B32A05 /* Minutes.h */; };
		AA643EF5181D39CF0025B2EA /* Seconds.h in CopyFiles */ = {isa = PBXBuildFile; fileRef = AA359E6F18193DDD003E2E14 /* Seconds.h */; };
		AA643EF6181D39CF0025B2EA /* WeekDays.h in CopyFiles */ = {isa = PBXBuildFile; fileRef = AA359E6E1819346D003E2E14 /* WeekDays.h */; };
		AAC59D8217D09D0000F7C274 /* Days.m in Sources */ = {isa = PBXBuildFile; fileRef = AAC59D8117D09D0000F7C274 /* Days.m */; };
		AAC7B99A171583E20045EF72 /* LocalDateTime.m in Sources */ = {isa = PBXBuildFile; fileRef = AAC7B999171583E20045EF72 /* LocalDateTime.m */; };
		AAF655F7180FE96A00B32A05 /* Minutes.m in Sources */ = {isa = PBXBuildFile; fileRef = AAF655F6180FE96A00B32A05 /* Minutes.m */; };
		AAFD3C061A23590600354E8F /* Period.m in Sources */ = {isa = PBXBuildFile; fileRef = AAFD3C051A23590600354E8F /* Period.m */; };
		AAFD3C081A235BB100354E8F /* Period.h in CopyFiles */ = {isa = PBXBuildFile; fileRef = AAFD3C041A23590600354E8F /* Period.h */; };
		D3898A2E16EA082A00CC7AD6 /* Foundation.framework in Frameworks */ = {isa = PBXBuildFile; fileRef = D3898A2D16EA082A00CC7AD6 /* Foundation.framework */; };
		D3898A3E16EA085800CC7AD6 /* LocalDate.m in Sources */ = {isa = PBXBuildFile; fileRef = D3898A3D16EA085800CC7AD6 /* LocalDate.m */; };
/* End PBXBuildFile section */

/* Begin PBXCopyFilesBuildPhase section */
		D3898A2816EA082A00CC7AD6 /* CopyFiles */ = {
			isa = PBXCopyFilesBuildPhase;
			buildActionMask = 2147483647;
			dstPath = "include/${PRODUCT_NAME}";
			dstSubfolderSpec = 16;
			files = (
				AAFD3C081A235BB100354E8F /* Period.h in CopyFiles */,
				AA3B1155190EC35C00F85695 /* Months.h in CopyFiles */,
				AA3B1156190EC35C00F85695 /* Years.h in CopyFiles */,
				AA3B114E190EC0CE00F85695 /* Weeks.h in CopyFiles */,
				AA643EF0181D39CF0025B2EA /* Days.h in CopyFiles */,
				AA643EF1181D39CF0025B2EA /* LocalDate.h in CopyFiles */,
				AA643EF2181D39CF0025B2EA /* LocalDateTime.h in CopyFiles */,
				AA643EF3181D39CF0025B2EA /* LocalTime.h in CopyFiles */,
				AA643EF4181D39CF0025B2EA /* Minutes.h in CopyFiles */,
				AA643EF5181D39CF0025B2EA /* Seconds.h in CopyFiles */,
				AA643EF6181D39CF0025B2EA /* WeekDays.h in CopyFiles */,
			);
			runOnlyForDeploymentPostprocessing = 0;
		};
/* End PBXCopyFilesBuildPhase section */

/* Begin PBXFileReference section */
		AA1BB4081739A6C000FE4944 /* LocalTime.h */ = {isa = PBXFileReference; fileEncoding = 4; lastKnownFileType = sourcecode.c.h; path = LocalTime.h; sourceTree = "<group>"; };
		AA1BB4091739A6C000FE4944 /* LocalTime.m */ = {isa = PBXFileReference; fileEncoding = 4; lastKnownFileType = sourcecode.c.objc; path = LocalTime.m; sourceTree = "<group>"; };
		AA359E6E1819346D003E2E14 /* WeekDays.h */ = {isa = PBXFileReference; lastKnownFileType = sourcecode.c.h; path = WeekDays.h; sourceTree = "<group>"; };
		AA359E6F18193DDD003E2E14 /* Seconds.h */ = {isa = PBXFileReference; fileEncoding = 4; lastKnownFileType = sourcecode.c.h; path = Seconds.h; sourceTree = "<group>"; };
		AA359E7018193DDD003E2E14 /* Seconds.m */ = {isa = PBXFileReference; fileEncoding = 4; lastKnownFileType = sourcecode.c.objc; path = Seconds.m; sourceTree = "<group>"; };
		AA3B114B190EC05500F85695 /* Weeks.h */ = {isa = PBXFileReference; fileEncoding = 4; lastKnownFileType = sourcecode.c.h; path = Weeks.h; sourceTree = "<group>"; };
		AA3B114C190EC05500F85695 /* Weeks.m */ = {isa = PBXFileReference; fileEncoding = 4; lastKnownFileType = sourcecode.c.objc; path = Weeks.m; sourceTree = "<group>"; };
		AA3B114F190EC19A00F85695 /* Months.h */ = {isa = PBXFileReference; fileEncoding = 4; lastKnownFileType = sourcecode.c.h; path = Months.h; sourceTree = "<group>"; };
		AA3B1150190EC19A00F85695 /* Months.m */ = {isa = PBXFileReference; fileEncoding = 4; lastKnownFileType = sourcecode.c.objc; path = Months.m; sourceTree = "<group>"; };
		AA3B1152190EC1A700F85695 /* Years.h */ = {isa = PBXFileReference; fileEncoding = 4; lastKnownFileType = sourcecode.c.h; path = Years.h; sourceTree = "<group>"; };
		AA3B1153190EC1A700F85695 /* Years.m */ = {isa = PBXFileReference; fileEncoding = 4; lastKnownFileType = sourcecode.c.objc; path = Years.m; sourceTree = "<group>"; };
		AAC59D8017D09D0000F7C274 /* Days.h */ = {isa = PBXFileReference; fileEncoding = 4; lastKnownFileType = sourcecode.c.h; path = Days.h; sourceTree = "<group>"; };
		AAC59D8117D09D0000F7C274 /* Days.m */ = {isa = PBXFileReference; fileEncoding = 4; lastKnownFileType = sourcecode.c.objc; path = Days.m; sourceTree = "<group>"; };
		AAC7B998171583E20045EF72 /* LocalDateTime.h */ = {isa = PBXFileReference; fileEncoding = 4; lastKnownFileType = sourcecode.c.h; path = LocalDateTime.h; sourceTree = "<group>"; };
		AAC7B999171583E20045EF72 /* LocalDateTime.m */ = {isa = PBXFileReference; fileEncoding = 4; lastKnownFileType = sourcecode.c.objc; path = LocalDateTime.m; sourceTree = "<group>"; };
		AAF655F5180FE96A00B32A05 /* Minutes.h */ = {isa = PBXFileReference; fileEncoding = 4; lastKnownFileType = sourcecode.c.h; path = Minutes.h; sourceTree = "<group>"; };
		AAF655F6180FE96A00B32A05 /* Minutes.m */ = {isa = PBXFileReference; fileEncoding = 4; lastKnownFileType = sourcecode.c.objc; path = Minutes.m; sourceTree = "<group>"; };
		AAFD3C041A23590600354E8F /* Period.h */ = {isa = PBXFileReference; fileEncoding = 4; lastKnownFileType = sourcecode.c.h; path = Period.h; sourceTree = "<group>"; };
		AAFD3C051A23590600354E8F /* Period.m */ = {isa = PBXFileReference; fileEncoding = 4; lastKnownFileType = sourcecode.c.objc; path = Period.m; sourceTree = "<group>"; };
		AAFD3C071A23599200354E8F /* PeriodPrivate.h */ = {isa = PBXFileReference; lastKnownFileType = sourcecode.c.h; path = PeriodPrivate.h; sourceTree = "<group>"; };
		D3898A2A16EA082A00CC7AD6 /* libJodaTime.a */ = {isa = PBXFileReference; explicitFileType = archive.ar; includeInIndex = 0; path = libJodaTime.a; sourceTree = BUILT_PRODUCTS_DIR; };
		D3898A2D16EA082A00CC7AD6 /* Foundation.framework */ = {isa = PBXFileReference; lastKnownFileType = wrapper.framework; name = Foundation.framework; path = System/Library/Frameworks/Foundation.framework; sourceTree = SDKROOT; };
		D3898A3116EA082A00CC7AD6 /* JodaTime-Prefix.pch */ = {isa = PBXFileReference; lastKnownFileType = sourcecode.c.h; path = "JodaTime-Prefix.pch"; sourceTree = "<group>"; };
		D3898A3C16EA085800CC7AD6 /* LocalDate.h */ = {isa = PBXFileReference; fileEncoding = 4; lastKnownFileType = sourcecode.c.h; path = LocalDate.h; sourceTree = "<group>"; };
		D3898A3D16EA085800CC7AD6 /* LocalDate.m */ = {isa = PBXFileReference; fileEncoding = 4; lastKnownFileType = sourcecode.c.objc; path = LocalDate.m; sourceTree = "<group>"; };
/* End PBXFileReference section */

/* Begin PBXFrameworksBuildPhase section */
		D3898A2716EA082A00CC7AD6 /* Frameworks */ = {
			isa = PBXFrameworksBuildPhase;
			buildActionMask = 2147483647;
			files = (
				D3898A2E16EA082A00CC7AD6 /* Foundation.framework in Frameworks */,
			);
			runOnlyForDeploymentPostprocessing = 0;
		};
/* End PBXFrameworksBuildPhase section */

/* Begin PBXGroup section */
		D3898A2116EA082A00CC7AD6 = {
			isa = PBXGroup;
			children = (
				D3898A2C16EA082A00CC7AD6 /* Frameworks */,
				D3898A2F16EA082A00CC7AD6 /* JodaTime */,
				D3898A2B16EA082A00CC7AD6 /* Products */,
			);
			sourceTree = "<group>";
		};
		D3898A2B16EA082A00CC7AD6 /* Products */ = {
			isa = PBXGroup;
			children = (
				D3898A2A16EA082A00CC7AD6 /* libJodaTime.a */,
			);
			name = Products;
			sourceTree = "<group>";
		};
		D3898A2C16EA082A00CC7AD6 /* Frameworks */ = {
			isa = PBXGroup;
			children = (
				D3898A2D16EA082A00CC7AD6 /* Foundation.framework */,
			);
			name = Frameworks;
			sourceTree = "<group>";
		};
		D3898A2F16EA082A00CC7AD6 /* JodaTime */ = {
			isa = PBXGroup;
			children = (
				AAC59D8017D09D0000F7C274 /* Days.h */,
				AAC59D8117D09D0000F7C274 /* Days.m */,
				D3898A3C16EA085800CC7AD6 /* LocalDate.h */,
				D3898A3D16EA085800CC7AD6 /* LocalDate.m */,
				AAC7B998171583E20045EF72 /* LocalDateTime.h */,
				AAC7B999171583E20045EF72 /* LocalDateTime.m */,
				AA1BB4081739A6C000FE4944 /* LocalTime.h */,
				AA1BB4091739A6C000FE4944 /* LocalTime.m */,
				AAF655F5180FE96A00B32A05 /* Minutes.h */,
				AAF655F6180FE96A00B32A05 /* Minutes.m */,
				AA3B114F190EC19A00F85695 /* Months.h */,
				AA3B1150190EC19A00F85695 /* Months.m */,
				AAFD3C041A23590600354E8F /* Period.h */,
				AAFD3C051A23590600354E8F /* Period.m */,
				AAFD3C071A23599200354E8F /* PeriodPrivate.h */,
				AA359E6F18193DDD003E2E14 /* Seconds.h */,
				AA359E7018193DDD003E2E14 /* Seconds.m */,
				D3898A3016EA082A00CC7AD6 /* Supporting Files */,
				AA359E6E1819346D003E2E14 /* WeekDays.h */,
				AA3B114B190EC05500F85695 /* Weeks.h */,
				AA3B114C190EC05500F85695 /* Weeks.m */,
				AA3B1152190EC1A700F85695 /* Years.h */,
				AA3B1153190EC1A700F85695 /* Years.m */,
			);
			path = JodaTime;
			sourceTree = "<group>";
		};
		D3898A3016EA082A00CC7AD6 /* Supporting Files */ = {
			isa = PBXGroup;
			children = (
				D3898A3116EA082A00CC7AD6 /* JodaTime-Prefix.pch */,
			);
			name = "Supporting Files";
			sourceTree = "<group>";
		};
/* End PBXGroup section */

/* Begin PBXNativeTarget section */
		D3898A2916EA082A00CC7AD6 /* JodaTime */ = {
			isa = PBXNativeTarget;
			buildConfigurationList = D3898A3816EA082A00CC7AD6 /* Build configuration list for PBXNativeTarget "JodaTime" */;
			buildPhases = (
				D3898A2616EA082A00CC7AD6 /* Sources */,
				D3898A2716EA082A00CC7AD6 /* Frameworks */,
				D3898A2816EA082A00CC7AD6 /* CopyFiles */,
			);
			buildRules = (
			);
			dependencies = (
			);
			name = JodaTime;
			productName = JodaTime;
			productReference = D3898A2A16EA082A00CC7AD6 /* libJodaTime.a */;
			productType = "com.apple.product-type.library.static";
		};
/* End PBXNativeTarget section */

/* Begin PBXProject section */
		D3898A2216EA082A00CC7AD6 /* Project object */ = {
			isa = PBXProject;
			attributes = {
				LastSwiftMigration = 0700;
				LastUpgradeCheck = 0900;
				ORGANIZATIONNAME = "Boxx IT Solutions GmbH";
			};
			buildConfigurationList = D3898A2516EA082A00CC7AD6 /* Build configuration list for PBXProject "JodaTime" */;
			compatibilityVersion = "Xcode 3.2";
			developmentRegion = English;
			hasScannedForEncodings = 0;
			knownRegions = (
				en,
			);
			mainGroup = D3898A2116EA082A00CC7AD6;
			productRefGroup = D3898A2B16EA082A00CC7AD6 /* Products */;
			projectDirPath = "";
			projectRoot = "";
			targets = (
				D3898A2916EA082A00CC7AD6 /* JodaTime */,
			);
		};
/* End PBXProject section */

/* Begin PBXSourcesBuildPhase section */
		D3898A2616EA082A00CC7AD6 /* Sources */ = {
			isa = PBXSourcesBuildPhase;
			buildActionMask = 2147483647;
			files = (
				D3898A3E16EA085800CC7AD6 /* LocalDate.m in Sources */,
				AAC7B99A171583E20045EF72 /* LocalDateTime.m in Sources */,
				AAFD3C061A23590600354E8F /* Period.m in Sources */,
				AA3B114D190EC05500F85695 /* Weeks.m in Sources */,
				AA1BB40A1739A6C000FE4944 /* LocalTime.m in Sources */,
				AA3B1151190EC19A00F85695 /* Months.m in Sources */,
				AAF655F7180FE96A00B32A05 /* Minutes.m in Sources */,
				AA3B1154190EC1A700F85695 /* Years.m in Sources */,
				AAC59D8217D09D0000F7C274 /* Days.m in Sources */,
				AA359E7118193DDD003E2E14 /* Seconds.m in Sources */,
			);
			runOnlyForDeploymentPostprocessing = 0;
		};
/* End PBXSourcesBuildPhase section */

/* Begin XCBuildConfiguration section */
		D3898A3616EA082A00CC7AD6 /* Debug */ = {
			isa = XCBuildConfiguration;
			buildSettings = {
				ALWAYS_SEARCH_USER_PATHS = NO;
				CLANG_CXX_LANGUAGE_STANDARD = "gnu++0x";
				CLANG_CXX_LIBRARY = "libc++";
				CLANG_ENABLE_OBJC_ARC = YES;
				CLANG_WARN_BLOCK_CAPTURE_AUTORELEASING = YES;
				CLANG_WARN_BOOL_CONVERSION = YES;
				CLANG_WARN_COMMA = YES;
				CLANG_WARN_CONSTANT_CONVERSION = YES;
				CLANG_WARN_EMPTY_BODY = YES;
				CLANG_WARN_ENUM_CONVERSION = YES;
				CLANG_WARN_INFINITE_RECURSION = YES;
				CLANG_WARN_INT_CONVERSION = YES;
				CLANG_WARN_NON_LITERAL_NULL_CONVERSION = YES;
				CLANG_WARN_OBJC_LITERAL_CONVERSION = YES;
				CLANG_WARN_RANGE_LOOP_ANALYSIS = YES;
				CLANG_WARN_STRICT_PROTOTYPES = YES;
				CLANG_WARN_SUSPICIOUS_MOVE = YES;
				CLANG_WARN_UNREACHABLE_CODE = YES;
				CLANG_WARN__DUPLICATE_METHOD_MATCH = YES;
				COPY_PHASE_STRIP = NO;
				ENABLE_STRICT_OBJC_MSGSEND = YES;
				ENABLE_TESTABILITY = YES;
				GCC_C_LANGUAGE_STANDARD = gnu99;
				GCC_DYNAMIC_NO_PIC = NO;
				GCC_NO_COMMON_BLOCKS = YES;
				GCC_OPTIMIZATION_LEVEL = 0;
				GCC_PREPROCESSOR_DEFINITIONS = (
					"DEBUG=1",
					"$(inherited)",
				);
				GCC_SYMBOLS_PRIVATE_EXTERN = NO;
				GCC_WARN_64_TO_32_BIT_CONVERSION = YES;
				GCC_WARN_ABOUT_RETURN_TYPE = YES;
				GCC_WARN_UNDECLARED_SELECTOR = YES;
				GCC_WARN_UNINITIALIZED_AUTOS = YES;
				GCC_WARN_UNUSED_FUNCTION = YES;
				GCC_WARN_UNUSED_VARIABLE = YES;
				IPHONEOS_DEPLOYMENT_TARGET = 8.0;
				ONLY_ACTIVE_ARCH = YES;
				SDKROOT = iphoneos;
			};
			name = Debug;
		};
		D3898A3716EA082A00CC7AD6 /* Release */ = {
			isa = XCBuildConfiguration;
			buildSettings = {
				ALWAYS_SEARCH_USER_PATHS = NO;
				CLANG_CXX_LANGUAGE_STANDARD = "gnu++0x";
				CLANG_CXX_LIBRARY = "libc++";
				CLANG_ENABLE_OBJC_ARC = YES;
				CLANG_WARN_BLOCK_CAPTURE_AUTORELEASING = YES;
				CLANG_WARN_BOOL_CONVERSION = YES;
				CLANG_WARN_COMMA = YES;
				CLANG_WARN_CONSTANT_CONVERSION = YES;
				CLANG_WARN_EMPTY_BODY = YES;
				CLANG_WARN_ENUM_CONVERSION = YES;
				CLANG_WARN_INFINITE_RECURSION = YES;
				CLANG_WARN_INT_CONVERSION = YES;
				CLANG_WARN_NON_LITERAL_NULL_CONVERSION = YES;
				CLANG_WARN_OBJC_LITERAL_CONVERSION = YES;
				CLANG_WARN_RANGE_LOOP_ANALYSIS = YES;
				CLANG_WARN_STRICT_PROTOTYPES = YES;
				CLANG_WARN_SUSPICIOUS_MOVE = YES;
				CLANG_WARN_UNREACHABLE_CODE = YES;
				CLANG_WARN__DUPLICATE_METHOD_MATCH = YES;
				COPY_PHASE_STRIP = YES;
				ENABLE_STRICT_OBJC_MSGSEND = YES;
				GCC_C_LANGUAGE_STANDARD = gnu99;
				GCC_NO_COMMON_BLOCKS = YES;
				GCC_WARN_64_TO_32_BIT_CONVERSION = YES;
				GCC_WARN_ABOUT_RETURN_TYPE = YES;
				GCC_WARN_UNDECLARED_SELECTOR = YES;
				GCC_WARN_UNINITIALIZED_AUTOS = YES;
				GCC_WARN_UNUSED_FUNCTION = YES;
				GCC_WARN_UNUSED_VARIABLE = YES;
				IPHONEOS_DEPLOYMENT_TARGET = 8.0;
				SDKROOT = iphoneos;
				VALIDATE_PRODUCT = YES;
			};
			name = Release;
		};
		D3898A3916EA082A00CC7AD6 /* Debug */ = {
			isa = XCBuildConfiguration;
			buildSettings = {
				DSTROOT = /tmp/JodaTime.dst;
				GCC_PRECOMPILE_PREFIX_HEADER = YES;
				GCC_PREFIX_HEADER = "JodaTime/JodaTime-Prefix.pch";
				OTHER_LDFLAGS = "";
				PRODUCT_NAME = "$(TARGET_NAME)";
				SKIP_INSTALL = YES;
			};
			name = Debug;
		};
		D3898A3A16EA082A00CC7AD6 /* Release */ = {
			isa = XCBuildConfiguration;
			buildSettings = {
				DSTROOT = /tmp/JodaTime.dst;
				GCC_PRECOMPILE_PREFIX_HEADER = YES;
				GCC_PREFIX_HEADER = "JodaTime/JodaTime-Prefix.pch";
				OTHER_LDFLAGS = "";
				PRODUCT_NAME = "$(TARGET_NAME)";
				SKIP_INSTALL = YES;
			};
			name = Release;
		};
/* End XCBuildConfiguration section */

/* Begin XCConfigurationList section */
		D3898A2516EA082A00CC7AD6 /* Build configuration list for PBXProject "JodaTime" */ = {
			isa = XCConfigurationList;
			buildConfigurations = (
				D3898A3616EA082A00CC7AD6 /* Debug */,
				D3898A3716EA082A00CC7AD6 /* Release */,
			);
			defaultConfigurationIsVisible = 0;
			defaultConfigurationName = Release;
		};
		D3898A3816EA082A00CC7AD6 /* Build configuration list for PBXNativeTarget "JodaTime" */ = {
			isa = XCConfigurationList;
			buildConfigurations = (
				D3898A3916EA082A00CC7AD6 /* Debug */,
				D3898A3A16EA082A00CC7AD6 /* Release */,
			);
			defaultConfigurationIsVisible = 0;
			defaultConfigurationName = Release;
		};
/* End XCConfigurationList section */
	};
	rootObject = D3898A2216EA082A00CC7AD6 /* Project object */;
}
