// !$*UTF8*$!
{
	archiveVersion = 1;
	classes = {
	};
	objectVersion = 46;
	objects = {

/* Begin PBXBuildFile section */
		AA223EC118182541005FD91B /* HTTPCookieStorage.m in Sources */ = {isa = PBXBuildFile; fileRef = AA223EC018182541005FD91B /* HTTPCookieStorage.m */; };
		AA4C177C1779C1E8009F6BD0 /* LocalTimeSerializer.m in Sources */ = {isa = PBXBuildFile; fileRef = AA4C177B1779C1E8009F6BD0 /* LocalTimeSerializer.m */; };
		AA5F9342181AD631000BC4DD /* CoreFoundation.framework in Frameworks */ = {isa = PBXBuildFile; fileRef = AAC431F1181AD104005FC2B6 /* CoreFoundation.framework */; };
		AA5F9348181AD631000BC4DD /* InfoPlist.strings in Resources */ = {isa = PBXBuildFile; fileRef = AA5F9346181AD631000BC4DD /* InfoPlist.strings */; };
		AA5F9352181AD737000BC4DD /* StasisErrors.strings in Resources */ = {isa = PBXBuildFile; fileRef = AA5F9354181AD737000BC4DD /* StasisErrors.strings */; };
		AA643EC2181D39060025B2EA /* AuthenticationMissmatchException.h in CopyFiles */ = {isa = PBXBuildFile; fileRef = D308C60816E768A000FEBEE9 /* AuthenticationMissmatchException.h */; };
		AA643EC3181D39060025B2EA /* AuthenticationMissmatchExceptionSerializer.h in CopyFiles */ = {isa = PBXBuildFile; fileRef = D308C60B16E768B400FEBEE9 /* AuthenticationMissmatchExceptionSerializer.h */; };
		AA643EC4181D39060025B2EA /* AuthenticationResult.h in CopyFiles */ = {isa = PBXBuildFile; fileRef = AA922E0C17BF884C009B71F2 /* AuthenticationResult.h */; };
		AA643EC5181D39060025B2EA /* CTBlockDescription.h in CopyFiles */ = {isa = PBXBuildFile; fileRef = AAA7C5AD1763456800E9DA70 /* CTBlockDescription.h */; };
		AA643EC6181D39060025B2EA /* CTObjectiveCRuntimeAdditions.h in CopyFiles */ = {isa = PBXBuildFile; fileRef = AAA7C5AF1763456800E9DA70 /* CTObjectiveCRuntimeAdditions.h */; };
		AA643EC7181D39060025B2EA /* ExceptionError.h in CopyFiles */ = {isa = PBXBuildFile; fileRef = D39ED1C316E8C13E001AA271 /* ExceptionError.h */; };
		AA643EC8181D39060025B2EA /* HandshakeHandler.h in CopyFiles */ = {isa = PBXBuildFile; fileRef = AA6F20AE17A29F900087C3AC /* HandshakeHandler.h */; };
		AA643EC9181D39060025B2EA /* HTTPCookieStorage.h in CopyFiles */ = {isa = PBXBuildFile; fileRef = AA223EBF18182541005FD91B /* HTTPCookieStorage.h */; };
		AA643ECA181D39060025B2EA /* HttpRemoteConnection.h in CopyFiles */ = {isa = PBXBuildFile; fileRef = D3EDD23116E6635B005339C3 /* HttpRemoteConnection.h */; };
		AA643ECB181D39060025B2EA /* LocalDateSerializer.h in CopyFiles */ = {isa = PBXBuildFile; fileRef = D30BC9ED16EA0B90003FD3F6 /* LocalDateSerializer.h */; };
		AA643ECC181D39060025B2EA /* LocalDateTimeSerializer.h in CopyFiles */ = {isa = PBXBuildFile; fileRef = AAC7B99B171584810045EF72 /* LocalDateTimeSerializer.h */; };
		AA643ECD181D39060025B2EA /* LocalTimeSerializer.h in CopyFiles */ = {isa = PBXBuildFile; fileRef = AA4C177A1779C1E8009F6BD0 /* LocalTimeSerializer.h */; };
		AA643ECE181D39060025B2EA /* RemoteConnection.h in CopyFiles */ = {isa = PBXBuildFile; fileRef = D3EDD22F16E6634B005339C3 /* RemoteConnection.h */; };
		AA643ECF181D39060025B2EA /* SerializableException.h in CopyFiles */ = {isa = PBXBuildFile; fileRef = D3EDD23416E751F6005339C3 /* SerializableException.h */; };
		AA643ED0181D39060025B2EA /* SerializableExceptionSerializer.h in CopyFiles */ = {isa = PBXBuildFile; fileRef = D3EDD23716E7520A005339C3 /* SerializableExceptionSerializer.h */; };
		AA643ED1181D39060025B2EA /* Stasis.h in CopyFiles */ = {isa = PBXBuildFile; fileRef = D390965C16E79CCA0012B221 /* Stasis.h */; };
		AA643ED2181D39060025B2EA /* StasisAsyncServiceWrapper.h in CopyFiles */ = {isa = PBXBuildFile; fileRef = D39ED1AE16E7A36D001AA271 /* StasisAsyncServiceWrapper.h */; };
		AA643ED3181D39060025B2EA /* StasisError.h in CopyFiles */ = {isa = PBXBuildFile; fileRef = AAC431BE181AC820005FC2B6 /* StasisError.h */; };
		AA727A9018D1AC6100DDC086 /* MessageException.m in Sources */ = {isa = PBXBuildFile; fileRef = AA727A8D18D1AC6100DDC086 /* MessageException.m */; };
		AA727A9118D1AC6100DDC086 /* MessageExceptionSerializer.m in Sources */ = {isa = PBXBuildFile; fileRef = AA727A8F18D1AC6100DDC086 /* MessageExceptionSerializer.m */; };
		AA727A9218D1ACF900DDC086 /* MessageException.h in CopyFiles */ = {isa = PBXBuildFile; fileRef = AA727A8C18D1AC6100DDC086 /* MessageException.h */; };
		AA727A9318D1ACF900DDC086 /* MessageExceptionSerializer.h in CopyFiles */ = {isa = PBXBuildFile; fileRef = AA727A8E18D1AC6100DDC086 /* MessageExceptionSerializer.h */; };
		AA922E0E17BF884C009B71F2 /* AuthenticationResult.m in Sources */ = {isa = PBXBuildFile; fileRef = AA922E0D17BF884C009B71F2 /* AuthenticationResult.m */; };
		AAA7C5B11763456800E9DA70 /* CTBlockDescription.m in Sources */ = {isa = PBXBuildFile; fileRef = AAA7C5AE1763456800E9DA70 /* CTBlockDescription.m */; };
		AAA7C5B21763456800E9DA70 /* CTObjectiveCRuntimeAdditions.m in Sources */ = {isa = PBXBuildFile; fileRef = AAA7C5B01763456800E9DA70 /* CTObjectiveCRuntimeAdditions.m */; };
		AAA7C5B41763460B00E9DA70 /* libKryo.a in Frameworks */ = {isa = PBXBuildFile; fileRef = AAA7C5B31763460B00E9DA70 /* libKryo.a */; };
		AAC431C0181AC820005FC2B6 /* StasisError.m in Sources */ = {isa = PBXBuildFile; fileRef = AAC431BF181AC820005FC2B6 /* StasisError.m */; };
		AAC7B99D171584810045EF72 /* LocalDateTimeSerializer.m in Sources */ = {isa = PBXBuildFile; fileRef = AAC7B99C171584810045EF72 /* LocalDateTimeSerializer.m */; };
		D308C60A16E768A000FEBEE9 /* AuthenticationMissmatchException.m in Sources */ = {isa = PBXBuildFile; fileRef = D308C60916E768A000FEBEE9 /* AuthenticationMissmatchException.m */; };
		D308C60D16E768B400FEBEE9 /* AuthenticationMissmatchExceptionSerializer.m in Sources */ = {isa = PBXBuildFile; fileRef = D308C60C16E768B400FEBEE9 /* AuthenticationMissmatchExceptionSerializer.m */; };
		D30BC9EF16EA0B90003FD3F6 /* LocalDateSerializer.m in Sources */ = {isa = PBXBuildFile; fileRef = D30BC9EE16EA0B90003FD3F6 /* LocalDateSerializer.m */; };
		D30BC9FC16EA0C6D003FD3F6 /* libJodaTime.a in Frameworks */ = {isa = PBXBuildFile; fileRef = D30BC9F916EA0C58003FD3F6 /* libJodaTime.a */; };
		D39ED1B016E7A36D001AA271 /* StasisAsyncServiceWrapper.m in Sources */ = {isa = PBXBuildFile; fileRef = D39ED1AF16E7A36D001AA271 /* StasisAsyncServiceWrapper.m */; };
		D39ED1C516E8C13E001AA271 /* ExceptionError.m in Sources */ = {isa = PBXBuildFile; fileRef = D39ED1C416E8C13E001AA271 /* ExceptionError.m */; };
		D3EDD22216E661E6005339C3 /* Foundation.framework in Frameworks */ = {isa = PBXBuildFile; fileRef = D3EDD22116E661E6005339C3 /* Foundation.framework */; };
		D3EDD23316E6635B005339C3 /* HttpRemoteConnection.m in Sources */ = {isa = PBXBuildFile; fileRef = D3EDD23216E6635B005339C3 /* HttpRemoteConnection.m */; };
		D3EDD23616E751F6005339C3 /* SerializableException.m in Sources */ = {isa = PBXBuildFile; fileRef = D3EDD23516E751F6005339C3 /* SerializableException.m */; };
		D3EDD23916E7520A005339C3 /* SerializableExceptionSerializer.m in Sources */ = {isa = PBXBuildFile; fileRef = D3EDD23816E7520A005339C3 /* SerializableExceptionSerializer.m */; };
		D3EDD27316E75F5C005339C3 /* RemoteConnection.m in Sources */ = {isa = PBXBuildFile; fileRef = D3EDD23016E6634B005339C3 /* RemoteConnection.m */; };
/* End PBXBuildFile section */

/* Begin PBXContainerItemProxy section */
		AA1353F3181D1C33003B368E /* PBXContainerItemProxy */ = {
			isa = PBXContainerItemProxy;
			containerPortal = D3EDD21616E661E6005339C3 /* Project object */;
			proxyType = 1;
			remoteGlobalIDString = AA5F9340181AD631000BC4DD;
			remoteInfo = StasisResources;
		};
		AA364442176349C800C5D31C /* PBXContainerItemProxy */ = {
			isa = PBXContainerItemProxy;
			containerPortal = AAA7C5A91763432000E9DA70 /* Kryo.xcodeproj */;
			proxyType = 2;
			remoteGlobalIDString = D3EDD18F16E65FD8005339C3;
			remoteInfo = Kryo;
		};
		AA572C5717CCEB8F00955DB1 /* PBXContainerItemProxy */ = {
			isa = PBXContainerItemProxy;
			containerPortal = AAA7C5A91763432000E9DA70 /* Kryo.xcodeproj */;
			proxyType = 1;
			remoteGlobalIDString = D3EDD18E16E65FD8005339C3;
			remoteInfo = Kryo;
		};
		D30BC9F816EA0C58003FD3F6 /* PBXContainerItemProxy */ = {
			isa = PBXContainerItemProxy;
			containerPortal = D30BC9F416EA0C57003FD3F6 /* JodaTime.xcodeproj */;
			proxyType = 2;
			remoteGlobalIDString = D3898A2A16EA082A00CC7AD6;
			remoteInfo = JodaTime;
		};
		D30BC9FA16EA0C67003FD3F6 /* PBXContainerItemProxy */ = {
			isa = PBXContainerItemProxy;
			containerPortal = D30BC9F416EA0C57003FD3F6 /* JodaTime.xcodeproj */;
			proxyType = 1;
			remoteGlobalIDString = D3898A2916EA082A00CC7AD6;
			remoteInfo = JodaTime;
		};
/* End PBXContainerItemProxy section */

/* Begin PBXCopyFilesBuildPhase section */
		AA643EC1181D38EA0025B2EA /* CopyFiles */ = {
			isa = PBXCopyFilesBuildPhase;
			buildActionMask = 2147483647;
			dstPath = "include/${PRODUCT_NAME}";
			dstSubfolderSpec = 16;
			files = (
				AA727A9218D1ACF900DDC086 /* MessageException.h in CopyFiles */,
				AA727A9318D1ACF900DDC086 /* MessageExceptionSerializer.h in CopyFiles */,
				AA643EC2181D39060025B2EA /* AuthenticationMissmatchException.h in CopyFiles */,
				AA643EC3181D39060025B2EA /* AuthenticationMissmatchExceptionSerializer.h in CopyFiles */,
				AA643EC4181D39060025B2EA /* AuthenticationResult.h in CopyFiles */,
				AA643EC5181D39060025B2EA /* CTBlockDescription.h in CopyFiles */,
				AA643EC6181D39060025B2EA /* CTObjectiveCRuntimeAdditions.h in CopyFiles */,
				AA643EC7181D39060025B2EA /* ExceptionError.h in CopyFiles */,
				AA643EC8181D39060025B2EA /* HandshakeHandler.h in CopyFiles */,
				AA643EC9181D39060025B2EA /* HTTPCookieStorage.h in CopyFiles */,
				AA643ECA181D39060025B2EA /* HttpRemoteConnection.h in CopyFiles */,
				AA643ECB181D39060025B2EA /* LocalDateSerializer.h in CopyFiles */,
				AA643ECC181D39060025B2EA /* LocalDateTimeSerializer.h in CopyFiles */,
				AA643ECD181D39060025B2EA /* LocalTimeSerializer.h in CopyFiles */,
				AA643ECE181D39060025B2EA /* RemoteConnection.h in CopyFiles */,
				AA643ECF181D39060025B2EA /* SerializableException.h in CopyFiles */,
				AA643ED0181D39060025B2EA /* SerializableExceptionSerializer.h in CopyFiles */,
				AA643ED1181D39060025B2EA /* Stasis.h in CopyFiles */,
				AA643ED2181D39060025B2EA /* StasisAsyncServiceWrapper.h in CopyFiles */,
				AA643ED3181D39060025B2EA /* StasisError.h in CopyFiles */,
			);
			runOnlyForDeploymentPostprocessing = 0;
		};
/* End PBXCopyFilesBuildPhase section */

/* Begin PBXFileReference section */
		AA223EBF18182541005FD91B /* HTTPCookieStorage.h */ = {isa = PBXFileReference; fileEncoding = 4; lastKnownFileType = sourcecode.c.h; path = HTTPCookieStorage.h; sourceTree = "<group>"; };
		AA223EC018182541005FD91B /* HTTPCookieStorage.m */ = {isa = PBXFileReference; fileEncoding = 4; lastKnownFileType = sourcecode.c.objc; path = HTTPCookieStorage.m; sourceTree = "<group>"; };
		AA4C177A1779C1E8009F6BD0 /* LocalTimeSerializer.h */ = {isa = PBXFileReference; fileEncoding = 4; lastKnownFileType = sourcecode.c.h; path = LocalTimeSerializer.h; sourceTree = "<group>"; };
		AA4C177B1779C1E8009F6BD0 /* LocalTimeSerializer.m */ = {isa = PBXFileReference; fileEncoding = 4; lastKnownFileType = sourcecode.c.objc; path = LocalTimeSerializer.m; sourceTree = "<group>"; };
		AA5F9341181AD631000BC4DD /* StasisResources.bundle */ = {isa = PBXFileReference; explicitFileType = wrapper.cfbundle; includeInIndex = 0; path = StasisResources.bundle; sourceTree = BUILT_PRODUCTS_DIR; };
		AA5F9345181AD631000BC4DD /* StasisResources-Info.plist */ = {isa = PBXFileReference; lastKnownFileType = text.plist.xml; path = "StasisResources-Info.plist"; sourceTree = "<group>"; };
		AA5F9349181AD631000BC4DD /* StasisResources-Prefix.pch */ = {isa = PBXFileReference; lastKnownFileType = sourcecode.c.h; path = "StasisResources-Prefix.pch"; sourceTree = "<group>"; };
		AA5F9351181AD708000BC4DD /* en */ = {isa = PBXFileReference; lastKnownFileType = text.plist.strings; name = en; path = en.lproj/InfoPlist.strings; sourceTree = "<group>"; };
		AA5F9353181AD737000BC4DD /* en */ = {isa = PBXFileReference; lastKnownFileType = text.plist.strings; name = en; path = en.lproj/StasisErrors.strings; sourceTree = "<group>"; };
		AA5F9355181AD77A000BC4DD /* de */ = {isa = PBXFileReference; lastKnownFileType = text.plist.strings; name = de; path = de.lproj/StasisErrors.strings; sourceTree = "<group>"; };
		AA6F20AE17A29F900087C3AC /* HandshakeHandler.h */ = {isa = PBXFileReference; lastKnownFileType = sourcecode.c.h; path = HandshakeHandler.h; sourceTree = "<group>"; };
		AA727A8C18D1AC6100DDC086 /* MessageException.h */ = {isa = PBXFileReference; fileEncoding = 4; lastKnownFileType = sourcecode.c.h; path = MessageException.h; sourceTree = "<group>"; };
		AA727A8D18D1AC6100DDC086 /* MessageException.m */ = {isa = PBXFileReference; fileEncoding = 4; lastKnownFileType = sourcecode.c.objc; path = MessageException.m; sourceTree = "<group>"; };
		AA727A8E18D1AC6100DDC086 /* MessageExceptionSerializer.h */ = {isa = PBXFileReference; fileEncoding = 4; lastKnownFileType = sourcecode.c.h; path = MessageExceptionSerializer.h; sourceTree = "<group>"; };
		AA727A8F18D1AC6100DDC086 /* MessageExceptionSerializer.m */ = {isa = PBXFileReference; fileEncoding = 4; lastKnownFileType = sourcecode.c.objc; path = MessageExceptionSerializer.m; sourceTree = "<group>"; };
		AA922E0C17BF884C009B71F2 /* AuthenticationResult.h */ = {isa = PBXFileReference; fileEncoding = 4; lastKnownFileType = sourcecode.c.h; path = AuthenticationResult.h; sourceTree = "<group>"; };
		AA922E0D17BF884C009B71F2 /* AuthenticationResult.m */ = {isa = PBXFileReference; fileEncoding = 4; lastKnownFileType = sourcecode.c.objc; path = AuthenticationResult.m; sourceTree = "<group>"; };
		AAA7C5A91763432000E9DA70 /* Kryo.xcodeproj */ = {isa = PBXFileReference; lastKnownFileType = "wrapper.pb-project"; name = Kryo.xcodeproj; path = ../../kryococoa/Kryo.xcodeproj; sourceTree = "<group>"; };
		AAA7C5AD1763456800E9DA70 /* CTBlockDescription.h */ = {isa = PBXFileReference; fileEncoding = 4; lastKnownFileType = sourcecode.c.h; path = CTBlockDescription.h; sourceTree = "<group>"; };
		AAA7C5AE1763456800E9DA70 /* CTBlockDescription.m */ = {isa = PBXFileReference; fileEncoding = 4; lastKnownFileType = sourcecode.c.objc; path = CTBlockDescription.m; sourceTree = "<group>"; };
		AAA7C5AF1763456800E9DA70 /* CTObjectiveCRuntimeAdditions.h */ = {isa = PBXFileReference; fileEncoding = 4; lastKnownFileType = sourcecode.c.h; path = CTObjectiveCRuntimeAdditions.h; sourceTree = "<group>"; };
		AAA7C5B01763456800E9DA70 /* CTObjectiveCRuntimeAdditions.m */ = {isa = PBXFileReference; fileEncoding = 4; lastKnownFileType = sourcecode.c.objc; path = CTObjectiveCRuntimeAdditions.m; sourceTree = "<group>"; };
		AAA7C5B31763460B00E9DA70 /* libKryo.a */ = {isa = PBXFileReference; lastKnownFileType = archive.ar; name = libKryo.a; path = "../../../../../Users/christian/Library/Developer/Xcode/DerivedData/EmployeePortal-exfqlzkyjsbrdegugzzebazsuclh/Build/Products/Debug-iphoneos/libKryo.a"; sourceTree = "<group>"; };
		AAC431BE181AC820005FC2B6 /* StasisError.h */ = {isa = PBXFileReference; fileEncoding = 4; lastKnownFileType = sourcecode.c.h; path = StasisError.h; sourceTree = "<group>"; };
		AAC431BF181AC820005FC2B6 /* StasisError.m */ = {isa = PBXFileReference; fileEncoding = 4; lastKnownFileType = sourcecode.c.objc; path = StasisError.m; sourceTree = "<group>"; };
		AAC431F1181AD104005FC2B6 /* CoreFoundation.framework */ = {isa = PBXFileReference; lastKnownFileType = wrapper.framework; name = CoreFoundation.framework; path = System/Library/Frameworks/CoreFoundation.framework; sourceTree = SDKROOT; };
		AAC7B99B171584810045EF72 /* LocalDateTimeSerializer.h */ = {isa = PBXFileReference; fileEncoding = 4; lastKnownFileType = sourcecode.c.h; path = LocalDateTimeSerializer.h; sourceTree = "<group>"; };
		AAC7B99C171584810045EF72 /* LocalDateTimeSerializer.m */ = {isa = PBXFileReference; fileEncoding = 4; lastKnownFileType = sourcecode.c.objc; path = LocalDateTimeSerializer.m; sourceTree = "<group>"; };
		D308C60816E768A000FEBEE9 /* AuthenticationMissmatchException.h */ = {isa = PBXFileReference; fileEncoding = 4; lastKnownFileType = sourcecode.c.h; path = AuthenticationMissmatchException.h; sourceTree = "<group>"; };
		D308C60916E768A000FEBEE9 /* AuthenticationMissmatchException.m */ = {isa = PBXFileReference; fileEncoding = 4; lastKnownFileType = sourcecode.c.objc; path = AuthenticationMissmatchException.m; sourceTree = "<group>"; };
		D308C60B16E768B400FEBEE9 /* AuthenticationMissmatchExceptionSerializer.h */ = {isa = PBXFileReference; fileEncoding = 4; lastKnownFileType = sourcecode.c.h; path = AuthenticationMissmatchExceptionSerializer.h; sourceTree = "<group>"; };
		D308C60C16E768B400FEBEE9 /* AuthenticationMissmatchExceptionSerializer.m */ = {isa = PBXFileReference; fileEncoding = 4; lastKnownFileType = sourcecode.c.objc; path = AuthenticationMissmatchExceptionSerializer.m; sourceTree = "<group>"; };
		D30BC9ED16EA0B90003FD3F6 /* LocalDateSerializer.h */ = {isa = PBXFileReference; fileEncoding = 4; lastKnownFileType = sourcecode.c.h; path = LocalDateSerializer.h; sourceTree = "<group>"; };
		D30BC9EE16EA0B90003FD3F6 /* LocalDateSerializer.m */ = {isa = PBXFileReference; fileEncoding = 4; lastKnownFileType = sourcecode.c.objc; path = LocalDateSerializer.m; sourceTree = "<group>"; };
		D30BC9F416EA0C57003FD3F6 /* JodaTime.xcodeproj */ = {isa = PBXFileReference; lastKnownFileType = "wrapper.pb-project"; path = JodaTime.xcodeproj; sourceTree = "<group>"; };
		D390965C16E79CCA0012B221 /* Stasis.h */ = {isa = PBXFileReference; lastKnownFileType = sourcecode.c.h; path = Stasis.h; sourceTree = "<group>"; };
		D39ED1AE16E7A36D001AA271 /* StasisAsyncServiceWrapper.h */ = {isa = PBXFileReference; fileEncoding = 4; lastKnownFileType = sourcecode.c.h; path = StasisAsyncServiceWrapper.h; sourceTree = "<group>"; };
		D39ED1AF16E7A36D001AA271 /* StasisAsyncServiceWrapper.m */ = {isa = PBXFileReference; fileEncoding = 4; lastKnownFileType = sourcecode.c.objc; path = StasisAsyncServiceWrapper.m; sourceTree = "<group>"; };
		D39ED1C316E8C13E001AA271 /* ExceptionError.h */ = {isa = PBXFileReference; fileEncoding = 4; lastKnownFileType = sourcecode.c.h; path = ExceptionError.h; sourceTree = "<group>"; };
		D39ED1C416E8C13E001AA271 /* ExceptionError.m */ = {isa = PBXFileReference; fileEncoding = 4; lastKnownFileType = sourcecode.c.objc; path = ExceptionError.m; sourceTree = "<group>"; };
		D3EDD21E16E661E6005339C3 /* libStasis.a */ = {isa = PBXFileReference; explicitFileType = archive.ar; includeInIndex = 0; path = libStasis.a; sourceTree = BUILT_PRODUCTS_DIR; };
		D3EDD22116E661E6005339C3 /* Foundation.framework */ = {isa = PBXFileReference; lastKnownFileType = wrapper.framework; name = Foundation.framework; path = System/Library/Frameworks/Foundation.framework; sourceTree = SDKROOT; };
		D3EDD22516E661E6005339C3 /* Stasis-Prefix.pch */ = {isa = PBXFileReference; lastKnownFileType = sourcecode.c.h; path = "Stasis-Prefix.pch"; sourceTree = "<group>"; };
		D3EDD22F16E6634B005339C3 /* RemoteConnection.h */ = {isa = PBXFileReference; lastKnownFileType = sourcecode.c.h; path = RemoteConnection.h; sourceTree = "<group>"; };
		D3EDD23016E6634B005339C3 /* RemoteConnection.m */ = {isa = PBXFileReference; lastKnownFileType = sourcecode.c.objc; path = RemoteConnection.m; sourceTree = "<group>"; };
		D3EDD23116E6635B005339C3 /* HttpRemoteConnection.h */ = {isa = PBXFileReference; fileEncoding = 4; lastKnownFileType = sourcecode.c.h; path = HttpRemoteConnection.h; sourceTree = "<group>"; };
		D3EDD23216E6635B005339C3 /* HttpRemoteConnection.m */ = {isa = PBXFileReference; fileEncoding = 4; lastKnownFileType = sourcecode.c.objc; path = HttpRemoteConnection.m; sourceTree = "<group>"; };
		D3EDD23416E751F6005339C3 /* SerializableException.h */ = {isa = PBXFileReference; fileEncoding = 4; lastKnownFileType = sourcecode.c.h; path = SerializableException.h; sourceTree = "<group>"; };
		D3EDD23516E751F6005339C3 /* SerializableException.m */ = {isa = PBXFileReference; fileEncoding = 4; lastKnownFileType = sourcecode.c.objc; path = SerializableException.m; sourceTree = "<group>"; };
		D3EDD23716E7520A005339C3 /* SerializableExceptionSerializer.h */ = {isa = PBXFileReference; fileEncoding = 4; lastKnownFileType = sourcecode.c.h; path = SerializableExceptionSerializer.h; sourceTree = "<group>"; };
		D3EDD23816E7520A005339C3 /* SerializableExceptionSerializer.m */ = {isa = PBXFileReference; fileEncoding = 4; lastKnownFileType = sourcecode.c.objc; path = SerializableExceptionSerializer.m; sourceTree = "<group>"; };
/* End PBXFileReference section */

/* Begin PBXFrameworksBuildPhase section */
		AA5F933E181AD631000BC4DD /* Frameworks */ = {
			isa = PBXFrameworksBuildPhase;
			buildActionMask = 2147483647;
			files = (
				AA5F9342181AD631000BC4DD /* CoreFoundation.framework in Frameworks */,
			);
			runOnlyForDeploymentPostprocessing = 0;
		};
		D3EDD21B16E661E6005339C3 /* Frameworks */ = {
			isa = PBXFrameworksBuildPhase;
			buildActionMask = 2147483647;
			files = (
				AAA7C5B41763460B00E9DA70 /* libKryo.a in Frameworks */,
				D30BC9FC16EA0C6D003FD3F6 /* libJodaTime.a in Frameworks */,
				D3EDD22216E661E6005339C3 /* Foundation.framework in Frameworks */,
			);
			runOnlyForDeploymentPostprocessing = 0;
		};
/* End PBXFrameworksBuildPhase section */

/* Begin PBXGroup section */
		AA36443F176349C800C5D31C /* Products */ = {
			isa = PBXGroup;
			children = (
				AA364443176349C800C5D31C /* libKryo.a */,
			);
			name = Products;
			sourceTree = "<group>";
		};
		AA5F9343181AD631000BC4DD /* StasisResources */ = {
			isa = PBXGroup;
			children = (
				AA5F9354181AD737000BC4DD /* StasisErrors.strings */,
				AA5F9344181AD631000BC4DD /* Supporting Files */,
			);
			path = StasisResources;
			sourceTree = "<group>";
		};
		AA5F9344181AD631000BC4DD /* Supporting Files */ = {
			isa = PBXGroup;
			children = (
				AA5F9345181AD631000BC4DD /* StasisResources-Info.plist */,
				AA5F9346181AD631000BC4DD /* InfoPlist.strings */,
				AA5F9349181AD631000BC4DD /* StasisResources-Prefix.pch */,
			);
			name = "Supporting Files";
			sourceTree = "<group>";
		};
		D30BC9F516EA0C57003FD3F6 /* Products */ = {
			isa = PBXGroup;
			children = (
				D30BC9F916EA0C58003FD3F6 /* libJodaTime.a */,
			);
			name = Products;
			sourceTree = "<group>";
		};
		D3EDD21516E661E6005339C3 = {
			isa = PBXGroup;
			children = (
				D3EDD22016E661E6005339C3 /* Frameworks */,
				D30BC9F416EA0C57003FD3F6 /* JodaTime.xcodeproj */,
				AAA7C5A91763432000E9DA70 /* Kryo.xcodeproj */,
				AAA7C5B31763460B00E9DA70 /* libKryo.a */,
				D3EDD21F16E661E6005339C3 /* Products */,
				D3EDD22316E661E6005339C3 /* Stasis */,
				AA5F9343181AD631000BC4DD /* StasisResources */,
			);
			sourceTree = "<group>";
		};
		D3EDD21F16E661E6005339C3 /* Products */ = {
			isa = PBXGroup;
			children = (
				D3EDD21E16E661E6005339C3 /* libStasis.a */,
				AA5F9341181AD631000BC4DD /* StasisResources.bundle */,
			);
			name = Products;
			sourceTree = "<group>";
		};
		D3EDD22016E661E6005339C3 /* Frameworks */ = {
			isa = PBXGroup;
			children = (
				D3EDD22116E661E6005339C3 /* Foundation.framework */,
				AAC431F1181AD104005FC2B6 /* CoreFoundation.framework */,
			);
			name = Frameworks;
			sourceTree = "<group>";
		};
		D3EDD22316E661E6005339C3 /* Stasis */ = {
			isa = PBXGroup;
			children = (
				D308C60816E768A000FEBEE9 /* AuthenticationMissmatchException.h */,
				D308C60916E768A000FEBEE9 /* AuthenticationMissmatchException.m */,
				D308C60B16E768B400FEBEE9 /* AuthenticationMissmatchExceptionSerializer.h */,
				D308C60C16E768B400FEBEE9 /* AuthenticationMissmatchExceptionSerializer.m */,
				AA922E0C17BF884C009B71F2 /* AuthenticationResult.h */,
				AA922E0D17BF884C009B71F2 /* AuthenticationResult.m */,
				AAA7C5AD1763456800E9DA70 /* CTBlockDescription.h */,
				AAA7C5AE1763456800E9DA70 /* CTBlockDescription.m */,
				AAA7C5AF1763456800E9DA70 /* CTObjectiveCRuntimeAdditions.h */,
				AAA7C5B01763456800E9DA70 /* CTObjectiveCRuntimeAdditions.m */,
				D39ED1C316E8C13E001AA271 /* ExceptionError.h */,
				D39ED1C416E8C13E001AA271 /* ExceptionError.m */,
				AA6F20AE17A29F900087C3AC /* HandshakeHandler.h */,
				AA223EBF18182541005FD91B /* HTTPCookieStorage.h */,
				AA223EC018182541005FD91B /* HTTPCookieStorage.m */,
				D3EDD23116E6635B005339C3 /* HttpRemoteConnection.h */,
				D3EDD23216E6635B005339C3 /* HttpRemoteConnection.m */,
				D30BC9ED16EA0B90003FD3F6 /* LocalDateSerializer.h */,
				D30BC9EE16EA0B90003FD3F6 /* LocalDateSerializer.m */,
				AAC7B99B171584810045EF72 /* LocalDateTimeSerializer.h */,
				AAC7B99C171584810045EF72 /* LocalDateTimeSerializer.m */,
				AA4C177A1779C1E8009F6BD0 /* LocalTimeSerializer.h */,
				AA4C177B1779C1E8009F6BD0 /* LocalTimeSerializer.m */,
				AA727A8C18D1AC6100DDC086 /* MessageException.h */,
				AA727A8D18D1AC6100DDC086 /* MessageException.m */,
				AA727A8E18D1AC6100DDC086 /* MessageExceptionSerializer.h */,
				AA727A8F18D1AC6100DDC086 /* MessageExceptionSerializer.m */,
				D3EDD22F16E6634B005339C3 /* RemoteConnection.h */,
				D3EDD23016E6634B005339C3 /* RemoteConnection.m */,
				D3EDD23416E751F6005339C3 /* SerializableException.h */,
				D3EDD23516E751F6005339C3 /* SerializableException.m */,
				D3EDD23716E7520A005339C3 /* SerializableExceptionSerializer.h */,
				D3EDD23816E7520A005339C3 /* SerializableExceptionSerializer.m */,
				D390965C16E79CCA0012B221 /* Stasis.h */,
				D39ED1AE16E7A36D001AA271 /* StasisAsyncServiceWrapper.h */,
				D39ED1AF16E7A36D001AA271 /* StasisAsyncServiceWrapper.m */,
				AAC431BE181AC820005FC2B6 /* StasisError.h */,
				AAC431BF181AC820005FC2B6 /* StasisError.m */,
				D3EDD22416E661E6005339C3 /* Supporting Files */,
			);
			path = Stasis;
			sourceTree = "<group>";
		};
		D3EDD22416E661E6005339C3 /* Supporting Files */ = {
			isa = PBXGroup;
			children = (
				D3EDD22516E661E6005339C3 /* Stasis-Prefix.pch */,
			);
			name = "Supporting Files";
			sourceTree = "<group>";
		};
/* End PBXGroup section */

/* Begin PBXNativeTarget section */
		AA5F9340181AD631000BC4DD /* StasisResources */ = {
			isa = PBXNativeTarget;
			buildConfigurationList = AA5F934C181AD631000BC4DD /* Build configuration list for PBXNativeTarget "StasisResources" */;
			buildPhases = (
				AA5F933D181AD631000BC4DD /* Sources */,
				AA5F933E181AD631000BC4DD /* Frameworks */,
				AA5F933F181AD631000BC4DD /* Resources */,
			);
			buildRules = (
			);
			dependencies = (
			);
			name = StasisResources;
			productName = StasisResources;
			productReference = AA5F9341181AD631000BC4DD /* StasisResources.bundle */;
			productType = "com.apple.product-type.bundle";
		};
		D3EDD21D16E661E6005339C3 /* Stasis */ = {
			isa = PBXNativeTarget;
			buildConfigurationList = D3EDD22C16E661E6005339C3 /* Build configuration list for PBXNativeTarget "Stasis" */;
			buildPhases = (
				D3EDD21A16E661E6005339C3 /* Sources */,
				D3EDD21B16E661E6005339C3 /* Frameworks */,
				AA643EC1181D38EA0025B2EA /* CopyFiles */,
			);
			buildRules = (
			);
			dependencies = (
				AA1353F4181D1C33003B368E /* PBXTargetDependency */,
				AA572C5817CCEB8F00955DB1 /* PBXTargetDependency */,
				D30BC9FB16EA0C67003FD3F6 /* PBXTargetDependency */,
			);
			name = Stasis;
			productName = Stasis;
			productReference = D3EDD21E16E661E6005339C3 /* libStasis.a */;
			productType = "com.apple.product-type.library.static";
		};
/* End PBXNativeTarget section */

/* Begin PBXProject section */
		D3EDD21616E661E6005339C3 /* Project object */ = {
			isa = PBXProject;
			attributes = {
				LastUpgradeCheck = 0460;
				ORGANIZATIONNAME = "Boxx IT Solutions GmbH";
			};
			buildConfigurationList = D3EDD21916E661E6005339C3 /* Build configuration list for PBXProject "Stasis" */;
			compatibilityVersion = "Xcode 3.2";
			developmentRegion = English;
			hasScannedForEncodings = 0;
			knownRegions = (
				en,
				de,
			);
			mainGroup = D3EDD21516E661E6005339C3;
			productRefGroup = D3EDD21F16E661E6005339C3 /* Products */;
			projectDirPath = "";
			projectReferences = (
				{
					ProductGroup = D30BC9F516EA0C57003FD3F6 /* Products */;
					ProjectRef = D30BC9F416EA0C57003FD3F6 /* JodaTime.xcodeproj */;
				},
				{
					ProductGroup = AA36443F176349C800C5D31C /* Products */;
					ProjectRef = AAA7C5A91763432000E9DA70 /* Kryo.xcodeproj */;
				},
			);
			projectRoot = "";
			targets = (
				D3EDD21D16E661E6005339C3 /* Stasis */,
				AA5F9340181AD631000BC4DD /* StasisResources */,
			);
		};
/* End PBXProject section */

/* Begin PBXReferenceProxy section */
		AA364443176349C800C5D31C /* libKryo.a */ = {
			isa = PBXReferenceProxy;
			fileType = archive.ar;
			path = libKryo.a;
			remoteRef = AA364442176349C800C5D31C /* PBXContainerItemProxy */;
			sourceTree = BUILT_PRODUCTS_DIR;
		};
		D30BC9F916EA0C58003FD3F6 /* libJodaTime.a */ = {
			isa = PBXReferenceProxy;
			fileType = archive.ar;
			path = libJodaTime.a;
			remoteRef = D30BC9F816EA0C58003FD3F6 /* PBXContainerItemProxy */;
			sourceTree = BUILT_PRODUCTS_DIR;
		};
/* End PBXReferenceProxy section */

/* Begin PBXResourcesBuildPhase section */
		AA5F933F181AD631000BC4DD /* Resources */ = {
			isa = PBXResourcesBuildPhase;
			buildActionMask = 2147483647;
			files = (
				AA5F9352181AD737000BC4DD /* StasisErrors.strings in Resources */,
				AA5F9348181AD631000BC4DD /* InfoPlist.strings in Resources */,
			);
			runOnlyForDeploymentPostprocessing = 0;
		};
/* End PBXResourcesBuildPhase section */

/* Begin PBXSourcesBuildPhase section */
		AA5F933D181AD631000BC4DD /* Sources */ = {
			isa = PBXSourcesBuildPhase;
			buildActionMask = 2147483647;
			files = (
			);
			runOnlyForDeploymentPostprocessing = 0;
		};
		D3EDD21A16E661E6005339C3 /* Sources */ = {
			isa = PBXSourcesBuildPhase;
			buildActionMask = 2147483647;
			files = (
				AA727A9018D1AC6100DDC086 /* MessageException.m in Sources */,
				D3EDD23316E6635B005339C3 /* HttpRemoteConnection.m in Sources */,
				D3EDD23616E751F6005339C3 /* SerializableException.m in Sources */,
				D3EDD23916E7520A005339C3 /* SerializableExceptionSerializer.m in Sources */,
				D3EDD27316E75F5C005339C3 /* RemoteConnection.m in Sources */,
				AA727A9118D1AC6100DDC086 /* MessageExceptionSerializer.m in Sources */,
				D308C60A16E768A000FEBEE9 /* AuthenticationMissmatchException.m in Sources */,
				D308C60D16E768B400FEBEE9 /* AuthenticationMissmatchExceptionSerializer.m in Sources */,
				AA223EC118182541005FD91B /* HTTPCookieStorage.m in Sources */,
				D39ED1B016E7A36D001AA271 /* StasisAsyncServiceWrapper.m in Sources */,
				D39ED1C516E8C13E001AA271 /* ExceptionError.m in Sources */,
				AAC431C0181AC820005FC2B6 /* StasisError.m in Sources */,
				D30BC9EF16EA0B90003FD3F6 /* LocalDateSerializer.m in Sources */,
				AAC7B99D171584810045EF72 /* LocalDateTimeSerializer.m in Sources */,
				AAA7C5B11763456800E9DA70 /* CTBlockDescription.m in Sources */,
				AAA7C5B21763456800E9DA70 /* CTObjectiveCRuntimeAdditions.m in Sources */,
				AA4C177C1779C1E8009F6BD0 /* LocalTimeSerializer.m in Sources */,
				AA922E0E17BF884C009B71F2 /* AuthenticationResult.m in Sources */,
			);
			runOnlyForDeploymentPostprocessing = 0;
		};
/* End PBXSourcesBuildPhase section */

/* Begin PBXTargetDependency section */
		AA1353F4181D1C33003B368E /* PBXTargetDependency */ = {
			isa = PBXTargetDependency;
			target = AA5F9340181AD631000BC4DD /* StasisResources */;
			targetProxy = AA1353F3181D1C33003B368E /* PBXContainerItemProxy */;
		};
		AA572C5817CCEB8F00955DB1 /* PBXTargetDependency */ = {
			isa = PBXTargetDependency;
			name = Kryo;
			targetProxy = AA572C5717CCEB8F00955DB1 /* PBXContainerItemProxy */;
		};
		D30BC9FB16EA0C67003FD3F6 /* PBXTargetDependency */ = {
			isa = PBXTargetDependency;
			name = JodaTime;
			targetProxy = D30BC9FA16EA0C67003FD3F6 /* PBXContainerItemProxy */;
		};
/* End PBXTargetDependency section */

/* Begin PBXVariantGroup section */
		AA5F9346181AD631000BC4DD /* InfoPlist.strings */ = {
			isa = PBXVariantGroup;
			children = (
				AA5F9351181AD708000BC4DD /* en */,
			);
			name = InfoPlist.strings;
			sourceTree = "<group>";
		};
		AA5F9354181AD737000BC4DD /* StasisErrors.strings */ = {
			isa = PBXVariantGroup;
			children = (
				AA5F9353181AD737000BC4DD /* en */,
				AA5F9355181AD77A000BC4DD /* de */,
			);
			name = StasisErrors.strings;
			sourceTree = "<group>";
		};
/* End PBXVariantGroup section */

/* Begin XCBuildConfiguration section */
		AA5F934A181AD631000BC4DD /* Debug */ = {
			isa = XCBuildConfiguration;
			buildSettings = {
				CLANG_WARN_BOOL_CONVERSION = YES;
				CLANG_WARN_DIRECT_OBJC_ISA_USAGE = YES_ERROR;
				CLANG_WARN_OBJC_ROOT_CLASS = YES_ERROR;
				COMBINE_HIDPI_IMAGES = YES;
				GCC_ENABLE_OBJC_EXCEPTIONS = YES;
				GCC_PRECOMPILE_PREFIX_HEADER = YES;
				GCC_PREFIX_HEADER = "StasisResources/StasisResources-Prefix.pch";
				GCC_PREPROCESSOR_DEFINITIONS = (
					"DEBUG=1",
					"$(inherited)",
				);
				GCC_WARN_64_TO_32_BIT_CONVERSION = YES;
				GCC_WARN_ABOUT_RETURN_TYPE = YES_ERROR;
				GCC_WARN_UNDECLARED_SELECTOR = YES;
				GCC_WARN_UNUSED_FUNCTION = YES;
				INFOPLIST_FILE = "StasisResources/StasisResources-Info.plist";
				INSTALL_PATH = "$(LOCAL_LIBRARY_DIR)/Bundles";
				MACOSX_DEPLOYMENT_TARGET = 10.9;
				PRODUCT_NAME = "$(TARGET_NAME)";
				SDKROOT = iphoneos;
				SKIP_INSTALL = YES;
				WRAPPER_EXTENSION = bundle;
			};
			name = Debug;
		};
		AA5F934B181AD631000BC4DD /* Release */ = {
			isa = XCBuildConfiguration;
			buildSettings = {
				CLANG_WARN_BOOL_CONVERSION = YES;
				CLANG_WARN_DIRECT_OBJC_ISA_USAGE = YES_ERROR;
				CLANG_WARN_OBJC_ROOT_CLASS = YES_ERROR;
				COMBINE_HIDPI_IMAGES = YES;
				DEBUG_INFORMATION_FORMAT = "dwarf-with-dsym";
				ENABLE_NS_ASSERTIONS = NO;
				GCC_ENABLE_OBJC_EXCEPTIONS = YES;
				GCC_PRECOMPILE_PREFIX_HEADER = YES;
				GCC_PREFIX_HEADER = "StasisResources/StasisResources-Prefix.pch";
				GCC_WARN_64_TO_32_BIT_CONVERSION = YES;
				GCC_WARN_ABOUT_RETURN_TYPE = YES_ERROR;
				GCC_WARN_UNDECLARED_SELECTOR = YES;
				GCC_WARN_UNUSED_FUNCTION = YES;
				INFOPLIST_FILE = "StasisResources/StasisResources-Info.plist";
				INSTALL_PATH = "$(LOCAL_LIBRARY_DIR)/Bundles";
				MACOSX_DEPLOYMENT_TARGET = 10.9;
				PRODUCT_NAME = "$(TARGET_NAME)";
				SDKROOT = iphoneos;
				SKIP_INSTALL = YES;
				WRAPPER_EXTENSION = bundle;
			};
			name = Release;
		};
		D3EDD22A16E661E6005339C3 /* Debug */ = {
			isa = XCBuildConfiguration;
			buildSettings = {
				ALWAYS_SEARCH_USER_PATHS = NO;
				CLANG_CXX_LANGUAGE_STANDARD = "gnu++0x";
				CLANG_CXX_LIBRARY = "libc++";
				CLANG_ENABLE_OBJC_ARC = YES;
				CLANG_WARN_CONSTANT_CONVERSION = YES;
				CLANG_WARN_EMPTY_BODY = YES;
				CLANG_WARN_ENUM_CONVERSION = YES;
				CLANG_WARN_INT_CONVERSION = YES;
				CLANG_WARN__DUPLICATE_METHOD_MATCH = YES;
				COPY_PHASE_STRIP = NO;
				GCC_C_LANGUAGE_STANDARD = gnu99;
				GCC_DYNAMIC_NO_PIC = NO;
				GCC_OPTIMIZATION_LEVEL = 0;
				GCC_PREPROCESSOR_DEFINITIONS = (
					"DEBUG=1",
					"$(inherited)",
				);
				GCC_SYMBOLS_PRIVATE_EXTERN = NO;
				GCC_WARN_ABOUT_RETURN_TYPE = YES;
				GCC_WARN_UNINITIALIZED_AUTOS = YES;
				GCC_WARN_UNUSED_VARIABLE = YES;
				IPHONEOS_DEPLOYMENT_TARGET = 6.1;
				ONLY_ACTIVE_ARCH = YES;
				SDKROOT = iphoneos;
			};
			name = Debug;
		};
		D3EDD22B16E661E6005339C3 /* Release */ = {
			isa = XCBuildConfiguration;
			buildSettings = {
				ALWAYS_SEARCH_USER_PATHS = NO;
				CLANG_CXX_LANGUAGE_STANDARD = "gnu++0x";
				CLANG_CXX_LIBRARY = "libc++";
				CLANG_ENABLE_OBJC_ARC = YES;
				CLANG_WARN_CONSTANT_CONVERSION = YES;
				CLANG_WARN_EMPTY_BODY = YES;
				CLANG_WARN_ENUM_CONVERSION = YES;
				CLANG_WARN_INT_CONVERSION = YES;
				CLANG_WARN__DUPLICATE_METHOD_MATCH = YES;
				COPY_PHASE_STRIP = YES;
				GCC_C_LANGUAGE_STANDARD = gnu99;
				GCC_WARN_ABOUT_RETURN_TYPE = YES;
				GCC_WARN_UNINITIALIZED_AUTOS = YES;
				GCC_WARN_UNUSED_VARIABLE = YES;
				IPHONEOS_DEPLOYMENT_TARGET = 6.1;
				SDKROOT = iphoneos;
				VALIDATE_PRODUCT = YES;
			};
			name = Release;
		};
		D3EDD22D16E661E6005339C3 /* Debug */ = {
			isa = XCBuildConfiguration;
			buildSettings = {
				DSTROOT = /tmp/Stasis.dst;
				GCC_PRECOMPILE_PREFIX_HEADER = YES;
				GCC_PREFIX_HEADER = "Stasis/Stasis-Prefix.pch";
				HEADER_SEARCH_PATHS = (
					../../kryococoa/Kryo,
					JodaTime,
				);
				LIBRARY_SEARCH_PATHS = (
					"$(inherited)",
					"\"/Users/cfruth/Library/Developer/Xcode/DerivedData/KryoCocoa-apdomryzocgostgfwjcqxxxilkkl/Build/Products/Debug-iphoneos\"",
					"\"/Users/christian/Library/Developer/Xcode/DerivedData/EmployeePortal-exfqlzkyjsbrdegugzzebazsuclh/Build/Products/Debug-iphoneos\"",
				);
				OTHER_LDFLAGS = "";
				PRODUCT_NAME = "$(TARGET_NAME)";
				SKIP_INSTALL = YES;
			};
			name = Debug;
		};
		D3EDD22E16E661E6005339C3 /* Release */ = {
			isa = XCBuildConfiguration;
			buildSettings = {
				DSTROOT = /tmp/Stasis.dst;
				GCC_PRECOMPILE_PREFIX_HEADER = YES;
				GCC_PREFIX_HEADER = "Stasis/Stasis-Prefix.pch";
				HEADER_SEARCH_PATHS = (
					../../kryococoa/Kryo,
					JodaTime,
				);
				LIBRARY_SEARCH_PATHS = (
					"$(inherited)",
					"\"/Users/cfruth/Library/Developer/Xcode/DerivedData/KryoCocoa-apdomryzocgostgfwjcqxxxilkkl/Build/Products/Debug-iphoneos\"",
					"\"/Users/christian/Library/Developer/Xcode/DerivedData/EmployeePortal-exfqlzkyjsbrdegugzzebazsuclh/Build/Products/Debug-iphoneos\"",
				);
				OTHER_LDFLAGS = "";
				PRODUCT_NAME = "$(TARGET_NAME)";
				SKIP_INSTALL = YES;
			};
			name = Release;
		};
/* End XCBuildConfiguration section */

/* Begin XCConfigurationList section */
		AA5F934C181AD631000BC4DD /* Build configuration list for PBXNativeTarget "StasisResources" */ = {
			isa = XCConfigurationList;
			buildConfigurations = (
				AA5F934A181AD631000BC4DD /* Debug */,
				AA5F934B181AD631000BC4DD /* Release */,
			);
			defaultConfigurationIsVisible = 0;
			defaultConfigurationName = Release;
		};
		D3EDD21916E661E6005339C3 /* Build configuration list for PBXProject "Stasis" */ = {
			isa = XCConfigurationList;
			buildConfigurations = (
				D3EDD22A16E661E6005339C3 /* Debug */,
				D3EDD22B16E661E6005339C3 /* Release */,
			);
			defaultConfigurationIsVisible = 0;
			defaultConfigurationName = Release;
		};
		D3EDD22C16E661E6005339C3 /* Build configuration list for PBXNativeTarget "Stasis" */ = {
			isa = XCConfigurationList;
			buildConfigurations = (
				D3EDD22D16E661E6005339C3 /* Debug */,
				D3EDD22E16E661E6005339C3 /* Release */,
			);
			defaultConfigurationIsVisible = 0;
			defaultConfigurationName = Release;
		};
/* End XCConfigurationList section */
	};
	rootObject = D3EDD21616E661E6005339C3 /* Project object */;
}
